
Microsoft Visual Studio Solution File, Format Version 12.00
# Visual Studio Version 17
VisualStudioVersion = 17.0.31903.59
MinimumVisualStudioVersion = 10.0.40219.1
Project("{9A19103F-16F7-4668-BE54-9A1E7A4F7556}") = "SmartHome.WebApi", "SmartHome.WebApi\SmartHome.WebApi.csproj", "{DB14D6FB-6CC1-4B20-A93D-3478F382CB39}"
EndProject
Project("{9A19103F-16F7-4668-BE54-9A1E7A4F7556}") = "SmartHome.BusinessLogic", "SmartHome.BusinessLogic\SmartHome.BusinessLogic.csproj", "{C56A093C-57A0-452D-90E2-2C7D3833E857}"
EndProject
Project("{9A19103F-16F7-4668-BE54-9A1E7A4F7556}") = "SmartHome.DataAccess", "SmartHome.DataAccess\SmartHome.DataAccess.csproj", "{64ED751B-0B32-44F7-A08B-35A6E6FC4132}"
EndProject
Project("{9A19103F-16F7-4668-BE54-9A1E7A4F7556}") = "SmartHome.BusinessLogic.Test", "SmartHome.BusinessLogicTest\SmartHome.BusinessLogic.Test.csproj", "{FB04EDFB-B5EF-41A8-9D0F-F38381FB9E61}"
EndProject
Project("{2150E333-8FDC-42A3-9474-1A3956D46DE8}") = "src", "src", "{6F5CE8DB-CAF8-4FDA-8C9A-FE38B5C982D0}"
EndProject
Project("{2150E333-8FDC-42A3-9474-1A3956D46DE8}") = "test", "test", "{331CD65E-38A2-487F-8C62-7C426783D8E8}"
EndProject
Project("{9A19103F-16F7-4668-BE54-9A1E7A4F7556}") = "SmartHome.WebApi.Test", "SmartHome.WebApiTest\SmartHome.WebApi.Test.csproj", "{1BCA30B0-9C50-4D5E-BF14-F47356F1EA23}"
EndProject
Project("{9A19103F-16F7-4668-BE54-9A1E7A4F7556}") = "SmartHome.DataAccess.Test", "SmartHome.DataAccess.Test\SmartHome.DataAccess.Test.csproj", "{5310A587-F4F5-455E-BECF-36F262164555}"
EndProject
Project("{9A19103F-16F7-4668-BE54-9A1E7A4F7556}") = "SmartHome.ImporterCommon", "SmartHome.ImporterCommon\SmartHome.ImporterCommon.csproj", "{452CB0FE-DFEF-41B4-8165-FDF9472AF1A8}"
EndProject
Project("{9A19103F-16F7-4668-BE54-9A1E7A4F7556}") = "SmartHome.JSONImporter", "SmartHome.JSONImporter\SmartHome.JSONImporter.csproj", "{ACC3E173-F553-4E80-B0B5-BF8F88DDD1C2}"
EndProject
Project("{9A19103F-16F7-4668-BE54-9A1E7A4F7556}") = "SmartHome.JSONImporterTest", "SmartHome.JSONImporterTest\SmartHome.JSONImporterTest.csproj", "{91797D06-C3DE-4C61-AE39-1E75EE533A3B}"
EndProject
Project("{9A19103F-16F7-4668-BE54-9A1E7A4F7556}") = "SmartHome.ModelValidator", "SmartHome.ModelValidator\SmartHome.ModelValidator.csproj", "{4E47C297-9679-49AE-AE72-7C07873AE4D4}"
EndProject
Project("{9A19103F-16F7-4668-BE54-9A1E7A4F7556}") = "SmartHome.ThreeLetersThreeNumbersValidator", "SmartHome.ThreeLetersThreeNumbersValidator\SmartHome.ThreeLetersThreeNumbersValidator.csproj", "{173FBB89-2EA4-4EB6-8341-C82AAE027AD1}"
EndProject
Project("{FAE04EC0-301F-11D3-BF4B-00C04F79EFBC}") = "SmartHome.SixLettersValidator", "SmartHome.SixLettersValidator\SmartHome.SixLettersValidator.csproj", "{E9B98760-388B-4481-8133-42415B56A9DB}"
EndProject
Global
	GlobalSection(SolutionConfigurationPlatforms) = preSolution
		Debug|Any CPU = Debug|Any CPU
		Release|Any CPU = Release|Any CPU
	EndGlobalSection
	GlobalSection(ProjectConfigurationPlatforms) = postSolution
		{DB14D6FB-6CC1-4B20-A93D-3478F382CB39}.Debug|Any CPU.ActiveCfg = Debug|Any CPU
		{DB14D6FB-6CC1-4B20-A93D-3478F382CB39}.Debug|Any CPU.Build.0 = Debug|Any CPU
		{DB14D6FB-6CC1-4B20-A93D-3478F382CB39}.Release|Any CPU.ActiveCfg = Release|Any CPU
		{DB14D6FB-6CC1-4B20-A93D-3478F382CB39}.Release|Any CPU.Build.0 = Release|Any CPU
		{C56A093C-57A0-452D-90E2-2C7D3833E857}.Debug|Any CPU.ActiveCfg = Debug|Any CPU
		{C56A093C-57A0-452D-90E2-2C7D3833E857}.Debug|Any CPU.Build.0 = Debug|Any CPU
		{C56A093C-57A0-452D-90E2-2C7D3833E857}.Release|Any CPU.ActiveCfg = Release|Any CPU
		{C56A093C-57A0-452D-90E2-2C7D3833E857}.Release|Any CPU.Build.0 = Release|Any CPU
		{64ED751B-0B32-44F7-A08B-35A6E6FC4132}.Debug|Any CPU.ActiveCfg = Debug|Any CPU
		{64ED751B-0B32-44F7-A08B-35A6E6FC4132}.Debug|Any CPU.Build.0 = Debug|Any CPU
		{64ED751B-0B32-44F7-A08B-35A6E6FC4132}.Release|Any CPU.ActiveCfg = Release|Any CPU
		{64ED751B-0B32-44F7-A08B-35A6E6FC4132}.Release|Any CPU.Build.0 = Release|Any CPU
		{FB04EDFB-B5EF-41A8-9D0F-F38381FB9E61}.Debug|Any CPU.ActiveCfg = Debug|Any CPU
		{FB04EDFB-B5EF-41A8-9D0F-F38381FB9E61}.Debug|Any CPU.Build.0 = Debug|Any CPU
		{FB04EDFB-B5EF-41A8-9D0F-F38381FB9E61}.Release|Any CPU.ActiveCfg = Release|Any CPU
		{FB04EDFB-B5EF-41A8-9D0F-F38381FB9E61}.Release|Any CPU.Build.0 = Release|Any CPU
		{1BCA30B0-9C50-4D5E-BF14-F47356F1EA23}.Debug|Any CPU.ActiveCfg = Debug|Any CPU
		{1BCA30B0-9C50-4D5E-BF14-F47356F1EA23}.Debug|Any CPU.Build.0 = Debug|Any CPU
		{1BCA30B0-9C50-4D5E-BF14-F47356F1EA23}.Release|Any CPU.ActiveCfg = Release|Any CPU
		{1BCA30B0-9C50-4D5E-BF14-F47356F1EA23}.Release|Any CPU.Build.0 = Release|Any CPU
		{5310A587-F4F5-455E-BECF-36F262164555}.Debug|Any CPU.ActiveCfg = Debug|Any CPU
		{5310A587-F4F5-455E-BECF-36F262164555}.Debug|Any CPU.Build.0 = Debug|Any CPU
		{5310A587-F4F5-455E-BECF-36F262164555}.Release|Any CPU.ActiveCfg = Release|Any CPU
		{5310A587-F4F5-455E-BECF-36F262164555}.Release|Any CPU.Build.0 = Release|Any CPU
		{452CB0FE-DFEF-41B4-8165-FDF9472AF1A8}.Debug|Any CPU.ActiveCfg = Debug|Any CPU
		{452CB0FE-DFEF-41B4-8165-FDF9472AF1A8}.Debug|Any CPU.Build.0 = Debug|Any CPU
		{452CB0FE-DFEF-41B4-8165-FDF9472AF1A8}.Release|Any CPU.ActiveCfg = Release|Any CPU
		{452CB0FE-DFEF-41B4-8165-FDF9472AF1A8}.Release|Any CPU.Build.0 = Release|Any CPU
		{ACC3E173-F553-4E80-B0B5-BF8F88DDD1C2}.Debug|Any CPU.ActiveCfg = Debug|Any CPU
		{ACC3E173-F553-4E80-B0B5-BF8F88DDD1C2}.Debug|Any CPU.Build.0 = Debug|Any CPU
		{ACC3E173-F553-4E80-B0B5-BF8F88DDD1C2}.Release|Any CPU.ActiveCfg = Release|Any CPU
		{ACC3E173-F553-4E80-B0B5-BF8F88DDD1C2}.Release|Any CPU.Build.0 = Release|Any CPU
		{91797D06-C3DE-4C61-AE39-1E75EE533A3B}.Debug|Any CPU.ActiveCfg = Debug|Any CPU
		{91797D06-C3DE-4C61-AE39-1E75EE533A3B}.Debug|Any CPU.Build.0 = Debug|Any CPU
		{91797D06-C3DE-4C61-AE39-1E75EE533A3B}.Release|Any CPU.ActiveCfg = Release|Any CPU
		{91797D06-C3DE-4C61-AE39-1E75EE533A3B}.Release|Any CPU.Build.0 = Release|Any CPU
		{4E47C297-9679-49AE-AE72-7C07873AE4D4}.Debug|Any CPU.ActiveCfg = Debug|Any CPU
		{4E47C297-9679-49AE-AE72-7C07873AE4D4}.Debug|Any CPU.Build.0 = Debug|Any CPU
		{4E47C297-9679-49AE-AE72-7C07873AE4D4}.Release|Any CPU.ActiveCfg = Release|Any CPU
		{4E47C297-9679-49AE-AE72-7C07873AE4D4}.Release|Any CPU.Build.0 = Release|Any CPU
		{173FBB89-2EA4-4EB6-8341-C82AAE027AD1}.Debug|Any CPU.ActiveCfg = Debug|Any CPU
		{173FBB89-2EA4-4EB6-8341-C82AAE027AD1}.Debug|Any CPU.Build.0 = Debug|Any CPU
		{173FBB89-2EA4-4EB6-8341-C82AAE027AD1}.Release|Any CPU.ActiveCfg = Release|Any CPU
		{173FBB89-2EA4-4EB6-8341-C82AAE027AD1}.Release|Any CPU.Build.0 = Release|Any CPU
		{E9B98760-388B-4481-8133-42415B56A9DB}.Debug|Any CPU.ActiveCfg = Debug|Any CPU
		{E9B98760-388B-4481-8133-42415B56A9DB}.Debug|Any CPU.Build.0 = Debug|Any CPU
		{E9B98760-388B-4481-8133-42415B56A9DB}.Release|Any CPU.ActiveCfg = Release|Any CPU
		{E9B98760-388B-4481-8133-42415B56A9DB}.Release|Any CPU.Build.0 = Release|Any CPU
	EndGlobalSection
	GlobalSection(SolutionProperties) = preSolution
		HideSolutionNode = FALSE
	EndGlobalSection
	GlobalSection(NestedProjects) = preSolution
		{DB14D6FB-6CC1-4B20-A93D-3478F382CB39} = {6F5CE8DB-CAF8-4FDA-8C9A-FE38B5C982D0}
		{C56A093C-57A0-452D-90E2-2C7D3833E857} = {6F5CE8DB-CAF8-4FDA-8C9A-FE38B5C982D0}
		{64ED751B-0B32-44F7-A08B-35A6E6FC4132} = {6F5CE8DB-CAF8-4FDA-8C9A-FE38B5C982D0}
		{FB04EDFB-B5EF-41A8-9D0F-F38381FB9E61} = {331CD65E-38A2-487F-8C62-7C426783D8E8}
		{1BCA30B0-9C50-4D5E-BF14-F47356F1EA23} = {331CD65E-38A2-487F-8C62-7C426783D8E8}
		{5310A587-F4F5-455E-BECF-36F262164555} = {331CD65E-38A2-487F-8C62-7C426783D8E8}
		{452CB0FE-DFEF-41B4-8165-FDF9472AF1A8} = {6F5CE8DB-CAF8-4FDA-8C9A-FE38B5C982D0}
		{ACC3E173-F553-4E80-B0B5-BF8F88DDD1C2} = {6F5CE8DB-CAF8-4FDA-8C9A-FE38B5C982D0}
		{91797D06-C3DE-4C61-AE39-1E75EE533A3B} = {331CD65E-38A2-487F-8C62-7C426783D8E8}
		{4E47C297-9679-49AE-AE72-7C07873AE4D4} = {6F5CE8DB-CAF8-4FDA-8C9A-FE38B5C982D0}
		{173FBB89-2EA4-4EB6-8341-C82AAE027AD1} = {6F5CE8DB-CAF8-4FDA-8C9A-FE38B5C982D0}
		{E9B98760-388B-4481-8133-42415B56A9DB} = {6F5CE8DB-CAF8-4FDA-8C9A-FE38B5C982D0}
	EndGlobalSection
	GlobalSection(ExtensibilityGlobals) = postSolution
		SolutionGuid = {33EA29AF-1491-4185-92D4-3D7C8BA080AA}
	EndGlobalSection
EndGlobal
