
Microsoft Visual Studio Solution File, Format Version 12.00
# Visual Studio Version 17
VisualStudioVersion = 17.0.31903.59
MinimumVisualStudioVersion = 10.0.40219.1
Project("{9A19103F-16F7-4668-BE54-9A1E7A4F7556}") = "SmartHome.WebApi", "SmartHome.WebApi\SmartHome.WebApi.csproj", "{DB14D6FB-6CC1-4B20-A93D-3478F382CB39}"
EndProject
Project("{9A19103F-16F7-4668-BE54-9A1E7A4F7556}") = "SmartHome.Domain", "SmartHome.Domain\SmartHome.Domain.csproj", "{824CEC8C-CE29-485A-81DB-21047E4D40F8}"
EndProject
Project("{9A19103F-16F7-4668-BE54-9A1E7A4F7556}") = "SmartHome.BusinessLogic", "SmartHome.BusinessLogic\SmartHome.BusinessLogic.csproj", "{C56A093C-57A0-452D-90E2-2C7D3833E857}"
EndProject
Project("{9A19103F-16F7-4668-BE54-9A1E7A4F7556}") = "SmartHome.DataAccess", "SmartHome.DataAccess\SmartHome.DataAccess.csproj", "{64ED751B-0B32-44F7-A08B-35A6E6FC4132}"
EndProject
Project("{9A19103F-16F7-4668-BE54-9A1E7A4F7556}") = "SmartHome.RepositoryInterfaces", "SmartHome.RepositoryInterfaces\SmartHome.RepositoryInterfaces.csproj", "{68096CBC-4C4A-426E-BFD1-63B14AC40B4B}"
EndProject
Project("{9A19103F-16F7-4668-BE54-9A1E7A4F7556}") = "SmartHome.CustomExceptions", "SmartHome.CustomExceptions\SmartHome.CustomExceptions.csproj", "{CFBAB1A9-DD34-4526-B3E7-9562B9DDED96}"
EndProject
Project("{9A19103F-16F7-4668-BE54-9A1E7A4F7556}") = "SmartHome.BusinessLogicTest", "SmartHome.BusinessLogicTest\SmartHome.BusinessLogicTest.csproj", "{FB04EDFB-B5EF-41A8-9D0F-F38381FB9E61}"
EndProject
Project("{2150E333-8FDC-42A3-9474-1A3956D46DE8}") = "src", "src", "{6F5CE8DB-CAF8-4FDA-8C9A-FE38B5C982D0}"
EndProject
Project("{2150E333-8FDC-42A3-9474-1A3956D46DE8}") = "test", "test", "{331CD65E-38A2-487F-8C62-7C426783D8E8}"
EndProject
Project("{FAE04EC0-301F-11D3-BF4B-00C04F79EFBC}") = "SmartHome.WebApiTest", "SmartHome.WebApiTest\SmartHome.WebApiTest.csproj", "{1BCA30B0-9C50-4D5E-BF14-F47356F1EA23}"
EndProject
Project("{FAE04EC0-301F-11D3-BF4B-00C04F79EFBC}") = "SmartHome.Interfaces", "SmartHome.Interfaces\SmartHome.Interfaces.csproj", "{AC44CAFF-1632-41A0-A591-1A37873DC074}"
EndProject
Project("{FAE04EC0-301F-11D3-BF4B-00C04F79EFBC}") = "SmartHome.WebModels", "SmartHome.WebModels\SmartHome.WebModels.csproj", "{9278C9DC-1B43-4BB7-93B5-C62D88C38CA8}"
EndProject
Global
	GlobalSection(SolutionConfigurationPlatforms) = preSolution
		Debug|Any CPU = Debug|Any CPU
		Release|Any CPU = Release|Any CPU
	EndGlobalSection
	GlobalSection(ProjectConfigurationPlatforms) = postSolution
		{DB14D6FB-6CC1-4B20-A93D-3478F382CB39}.Debug|Any CPU.ActiveCfg = Debug|Any CPU
		{DB14D6FB-6CC1-4B20-A93D-3478F382CB39}.Debug|Any CPU.Build.0 = Debug|Any CPU
		{DB14D6FB-6CC1-4B20-A93D-3478F382CB39}.Release|Any CPU.ActiveCfg = Release|Any CPU
		{DB14D6FB-6CC1-4B20-A93D-3478F382CB39}.Release|Any CPU.Build.0 = Release|Any CPU
		{824CEC8C-CE29-485A-81DB-21047E4D40F8}.Debug|Any CPU.ActiveCfg = Debug|Any CPU
		{824CEC8C-CE29-485A-81DB-21047E4D40F8}.Debug|Any CPU.Build.0 = Debug|Any CPU
		{824CEC8C-CE29-485A-81DB-21047E4D40F8}.Release|Any CPU.ActiveCfg = Release|Any CPU
		{824CEC8C-CE29-485A-81DB-21047E4D40F8}.Release|Any CPU.Build.0 = Release|Any CPU
		{C56A093C-57A0-452D-90E2-2C7D3833E857}.Debug|Any CPU.ActiveCfg = Debug|Any CPU
		{C56A093C-57A0-452D-90E2-2C7D3833E857}.Debug|Any CPU.Build.0 = Debug|Any CPU
		{C56A093C-57A0-452D-90E2-2C7D3833E857}.Release|Any CPU.ActiveCfg = Release|Any CPU
		{C56A093C-57A0-452D-90E2-2C7D3833E857}.Release|Any CPU.Build.0 = Release|Any CPU
		{64ED751B-0B32-44F7-A08B-35A6E6FC4132}.Debug|Any CPU.ActiveCfg = Debug|Any CPU
		{64ED751B-0B32-44F7-A08B-35A6E6FC4132}.Debug|Any CPU.Build.0 = Debug|Any CPU
		{64ED751B-0B32-44F7-A08B-35A6E6FC4132}.Release|Any CPU.ActiveCfg = Release|Any CPU
		{64ED751B-0B32-44F7-A08B-35A6E6FC4132}.Release|Any CPU.Build.0 = Release|Any CPU
		{68096CBC-4C4A-426E-BFD1-63B14AC40B4B}.Debug|Any CPU.ActiveCfg = Debug|Any CPU
		{68096CBC-4C4A-426E-BFD1-63B14AC40B4B}.Debug|Any CPU.Build.0 = Debug|Any CPU
		{68096CBC-4C4A-426E-BFD1-63B14AC40B4B}.Release|Any CPU.ActiveCfg = Release|Any CPU
		{68096CBC-4C4A-426E-BFD1-63B14AC40B4B}.Release|Any CPU.Build.0 = Release|Any CPU
		{CFBAB1A9-DD34-4526-B3E7-9562B9DDED96}.Debug|Any CPU.ActiveCfg = Debug|Any CPU
		{CFBAB1A9-DD34-4526-B3E7-9562B9DDED96}.Debug|Any CPU.Build.0 = Debug|Any CPU
		{CFBAB1A9-DD34-4526-B3E7-9562B9DDED96}.Release|Any CPU.ActiveCfg = Release|Any CPU
		{CFBAB1A9-DD34-4526-B3E7-9562B9DDED96}.Release|Any CPU.Build.0 = Release|Any CPU
		{FB04EDFB-B5EF-41A8-9D0F-F38381FB9E61}.Debug|Any CPU.ActiveCfg = Debug|Any CPU
		{FB04EDFB-B5EF-41A8-9D0F-F38381FB9E61}.Debug|Any CPU.Build.0 = Debug|Any CPU
		{FB04EDFB-B5EF-41A8-9D0F-F38381FB9E61}.Release|Any CPU.ActiveCfg = Release|Any CPU
		{FB04EDFB-B5EF-41A8-9D0F-F38381FB9E61}.Release|Any CPU.Build.0 = Release|Any CPU
		{1BCA30B0-9C50-4D5E-BF14-F47356F1EA23}.Debug|Any CPU.ActiveCfg = Debug|Any CPU
		{1BCA30B0-9C50-4D5E-BF14-F47356F1EA23}.Debug|Any CPU.Build.0 = Debug|Any CPU
		{1BCA30B0-9C50-4D5E-BF14-F47356F1EA23}.Release|Any CPU.ActiveCfg = Release|Any CPU
		{1BCA30B0-9C50-4D5E-BF14-F47356F1EA23}.Release|Any CPU.Build.0 = Release|Any CPU
		{AC44CAFF-1632-41A0-A591-1A37873DC074}.Debug|Any CPU.ActiveCfg = Debug|Any CPU
		{AC44CAFF-1632-41A0-A591-1A37873DC074}.Debug|Any CPU.Build.0 = Debug|Any CPU
		{AC44CAFF-1632-41A0-A591-1A37873DC074}.Release|Any CPU.ActiveCfg = Release|Any CPU
		{AC44CAFF-1632-41A0-A591-1A37873DC074}.Release|Any CPU.Build.0 = Release|Any CPU
		{9278C9DC-1B43-4BB7-93B5-C62D88C38CA8}.Debug|Any CPU.ActiveCfg = Debug|Any CPU
		{9278C9DC-1B43-4BB7-93B5-C62D88C38CA8}.Debug|Any CPU.Build.0 = Debug|Any CPU
		{9278C9DC-1B43-4BB7-93B5-C62D88C38CA8}.Release|Any CPU.ActiveCfg = Release|Any CPU
		{9278C9DC-1B43-4BB7-93B5-C62D88C38CA8}.Release|Any CPU.Build.0 = Release|Any CPU
	EndGlobalSection
	GlobalSection(SolutionProperties) = preSolution
		HideSolutionNode = FALSE
	EndGlobalSection
	GlobalSection(NestedProjects) = preSolution
		{DB14D6FB-6CC1-4B20-A93D-3478F382CB39} = {6F5CE8DB-CAF8-4FDA-8C9A-FE38B5C982D0}
		{824CEC8C-CE29-485A-81DB-21047E4D40F8} = {6F5CE8DB-CAF8-4FDA-8C9A-FE38B5C982D0}
		{C56A093C-57A0-452D-90E2-2C7D3833E857} = {6F5CE8DB-CAF8-4FDA-8C9A-FE38B5C982D0}
		{64ED751B-0B32-44F7-A08B-35A6E6FC4132} = {6F5CE8DB-CAF8-4FDA-8C9A-FE38B5C982D0}
		{68096CBC-4C4A-426E-BFD1-63B14AC40B4B} = {6F5CE8DB-CAF8-4FDA-8C9A-FE38B5C982D0}
		{CFBAB1A9-DD34-4526-B3E7-9562B9DDED96} = {6F5CE8DB-CAF8-4FDA-8C9A-FE38B5C982D0}
		{FB04EDFB-B5EF-41A8-9D0F-F38381FB9E61} = {331CD65E-38A2-487F-8C62-7C426783D8E8}
		{1BCA30B0-9C50-4D5E-BF14-F47356F1EA23} = {331CD65E-38A2-487F-8C62-7C426783D8E8}
		{AC44CAFF-1632-41A0-A591-1A37873DC074} = {6F5CE8DB-CAF8-4FDA-8C9A-FE38B5C982D0}
		{9278C9DC-1B43-4BB7-93B5-C62D88C38CA8} = {6F5CE8DB-CAF8-4FDA-8C9A-FE38B5C982D0}
	EndGlobalSection
	GlobalSection(ExtensibilityGlobals) = postSolution
		SolutionGuid = {33EA29AF-1491-4185-92D4-3D7C8BA080AA}
	EndGlobalSection
EndGlobal
